
Microsoft Visual Studio Solution File, Format Version 12.00
# Visual Studio Version 16
VisualStudioVersion = 16.0.30204.135
MinimumVisualStudioVersion = 10.0.40219.1
Project("{FAE04EC0-301F-11D3-BF4B-00C04F79EFBC}") = "Project1", "Project1\Project1.csproj", "{CCCB04F1-6639-4434-9241-4205B55C3C21}"
EndProject
Project("{FAE04EC0-301F-11D3-BF4B-00C04F79EFBC}") = "Project2", "Project2\Project2.csproj", "{6A15EA9C-C65D-4F24-ACF2-66A027C74F34}"
EndProject
Global
	GlobalSection(SolutionConfigurationPlatforms) = preSolution
		Debug|Any CPU = Debug|Any CPU
		Release|Any CPU = Release|Any CPU
	EndGlobalSection
	GlobalSection(ProjectConfigurationPlatforms) = postSolution
		{CCCB04F1-6639-4434-9241-4205B55C3C21}.Debug|Any CPU.ActiveCfg = Debug|Any CPU
		{CCCB04F1-6639-4434-9241-4205B55C3C21}.Debug|Any CPU.Build.0 = Debug|Any CPU
		{CCCB04F1-6639-4434-9241-4205B55C3C21}.Release|Any CPU.ActiveCfg = Release|Any CPU
		{CCCB04F1-6639-4434-9241-4205B55C3C21}.Release|Any CPU.Build.0 = Release|Any CPU
		{6A15EA9C-C65D-4F24-ACF2-66A027C74F34}.Debug|Any CPU.ActiveCfg = Debug|Any CPU
		{6A15EA9C-C65D-4F24-ACF2-66A027C74F34}.Debug|Any CPU.Build.0 = Debug|Any CPU
		{6A15EA9C-C65D-4F24-ACF2-66A027C74F34}.Release|Any CPU.ActiveCfg = Release|Any CPU
		{6A15EA9C-C65D-4F24-ACF2-66A027C74F34}.Release|Any CPU.Build.0 = Release|Any CPU
	EndGlobalSection
	GlobalSection(SolutionProperties) = preSolution
		HideSolutionNode = FALSE
	EndGlobalSection
	GlobalSection(ExtensibilityGlobals) = postSolution
		SolutionGuid = {6EF69866-21E8-4C84-849B-62B8C1383E40}
	EndGlobalSection
EndGlobal
